
Microsoft Visual Studio Solution File, Format Version 12.00
# Visual Studio Version 16
VisualStudioVersion = 16.0.31129.286
MinimumVisualStudioVersion = 10.0.40219.1
Project("{FAE04EC0-301F-11D3-BF4B-00C04F79EFBC}") = "MernisValidator", "MernisValidator\MernisValidator.csproj", "{D229F578-8B86-4D02-9944-7F83C9DAF53E}"
EndProject
Global
	GlobalSection(SolutionConfigurationPlatforms) = preSolution
		Debug|Any CPU = Debug|Any CPU
		Release|Any CPU = Release|Any CPU
	EndGlobalSection
	GlobalSection(ProjectConfigurationPlatforms) = postSolution
		{D229F578-8B86-4D02-9944-7F83C9DAF53E}.Debug|Any CPU.ActiveCfg = Debug|Any CPU
		{D229F578-8B86-4D02-9944-7F83C9DAF53E}.Debug|Any CPU.Build.0 = Debug|Any CPU
		{D229F578-8B86-4D02-9944-7F83C9DAF53E}.Release|Any CPU.ActiveCfg = Release|Any CPU
		{D229F578-8B86-4D02-9944-7F83C9DAF53E}.Release|Any CPU.Build.0 = Release|Any CPU
	EndGlobalSection
	GlobalSection(SolutionProperties) = preSolution
		HideSolutionNode = FALSE
	EndGlobalSection
	GlobalSection(ExtensibilityGlobals) = postSolution
		SolutionGuid = {107EC99E-C82B-44A8-8AF6-E058838F44FE}
	EndGlobalSection
EndGlobal
